
Microsoft Visual Studio Solution File, Format Version 12.00
# Visual Studio 14
VisualStudioVersion = 14.0.25420.1
MinimumVisualStudioVersion = 10.0.40219.1
Project("{FAE04EC0-301F-11D3-BF4B-00C04F79EFBC}") = "CodeEvaluator.Demos.Demo3", "CodeEvaluator.Demos.Demo3.csproj", "{7D8DD514-E3E6-45BE-9697-9397AC303FB3}"
EndProject
Project("{FAE04EC0-301F-11D3-BF4B-00C04F79EFBC}") = "CodeEvaluator.Workflows", "..\..\CodeEvaluator.Workflows\CodeEvaluator.Workflows.csproj", "{0D9F35B5-685B-44F0-867A-A3C798E0FC18}"
EndProject
Global
	GlobalSection(SolutionConfigurationPlatforms) = preSolution
		Debug|Any CPU = Debug|Any CPU
		Release|Any CPU = Release|Any CPU
	EndGlobalSection
	GlobalSection(ProjectConfigurationPlatforms) = postSolution
		{7D8DD514-E3E6-45BE-9697-9397AC303FB3}.Debug|Any CPU.ActiveCfg = Debug|Any CPU
		{7D8DD514-E3E6-45BE-9697-9397AC303FB3}.Debug|Any CPU.Build.0 = Debug|Any CPU
		{7D8DD514-E3E6-45BE-9697-9397AC303FB3}.Release|Any CPU.ActiveCfg = Release|Any CPU
		{7D8DD514-E3E6-45BE-9697-9397AC303FB3}.Release|Any CPU.Build.0 = Release|Any CPU
		{0D9F35B5-685B-44F0-867A-A3C798E0FC18}.Debug|Any CPU.ActiveCfg = Debug|Any CPU
		{0D9F35B5-685B-44F0-867A-A3C798E0FC18}.Debug|Any CPU.Build.0 = Debug|Any CPU
		{0D9F35B5-685B-44F0-867A-A3C798E0FC18}.Release|Any CPU.ActiveCfg = Release|Any CPU
		{0D9F35B5-685B-44F0-867A-A3C798E0FC18}.Release|Any CPU.Build.0 = Release|Any CPU
	EndGlobalSection
	GlobalSection(SolutionProperties) = preSolution
		HideSolutionNode = FALSE
	EndGlobalSection
EndGlobal
