
Microsoft Visual Studio Solution File, Format Version 12.00
# Visual Studio 14
VisualStudioVersion = 14.0.25420.1
MinimumVisualStudioVersion = 10.0.40219.1
Project("{FAE04EC0-301F-11D3-BF4B-00C04F79EFBC}") = "CodeEvaluator.UserInterface", "CodeEvaluator.UserInterface\CodeEvaluator.UserInterface.csproj", "{67FE9B13-30FF-4954-8DC4-5CE0B34D3DE4}"
EndProject
Project("{FAE04EC0-301F-11D3-BF4B-00C04F79EFBC}") = "CodeEvaluator.Workflows", "CodeEvaluator.Workflows\CodeEvaluator.Workflows.csproj", "{0D9F35B5-685B-44F0-867A-A3C798E0FC18}"
EndProject
Project("{FAE04EC0-301F-11D3-BF4B-00C04F79EFBC}") = "CodeEvaluator.Packages.Core", "CodeEvaluator.Packages.Core\CodeEvaluator.Packages.Core.csproj", "{C0A5ED9F-551B-4B73-BD08-85DA235F8AAF}"
EndProject
Project("{FAE04EC0-301F-11D3-BF4B-00C04F79EFBC}") = "CodeEvaluator.Packages.Vs2015", "CodeEvaluator.Packages.Vs2015\CodeEvaluator.Packages.Vs2015.csproj", "{D8407669-D43D-47E9-8A5F-B81DC0606A89}"
EndProject
Project("{FAE04EC0-301F-11D3-BF4B-00C04F79EFBC}") = "CodeEvaluator.ExternalTypesReader", "CodeEvaluator.ExternalTypesReader\CodeEvaluator.ExternalTypesReader.csproj", "{7C52A095-065E-40C2-83E6-5013E3077D9B}"
EndProject
Project("{FAE04EC0-301F-11D3-BF4B-00C04F79EFBC}") = "CodeEvaluator.Bootstrapper", "CodeEvaluator.Bootstrapper\CodeEvaluator.Bootstrapper.csproj", "{55372312-38CD-4376-8CBF-76FA1800C3DA}"
EndProject
Project("{FAE04EC0-301F-11D3-BF4B-00C04F79EFBC}") = "CodeEvaluator.Dto", "CodeEvaluator.Dto\CodeEvaluator.Dto.csproj", "{A3CE5311-796A-429B-92F6-8116C768F987}"
EndProject
Project("{FAE04EC0-301F-11D3-BF4B-00C04F79EFBC}") = "CodeEvaluator.Evaluation", "CodeEvaluator.Evaluation\CodeEvaluator.Evaluation.csproj", "{882F4464-2A84-4576-B6EA-1EFFD4FCF4A5}"
EndProject
Global
	GlobalSection(SolutionConfigurationPlatforms) = preSolution
		Debug|Any CPU = Debug|Any CPU
		Release|Any CPU = Release|Any CPU
	EndGlobalSection
	GlobalSection(ProjectConfigurationPlatforms) = postSolution
		{67FE9B13-30FF-4954-8DC4-5CE0B34D3DE4}.Debug|Any CPU.ActiveCfg = Debug|Any CPU
		{67FE9B13-30FF-4954-8DC4-5CE0B34D3DE4}.Debug|Any CPU.Build.0 = Debug|Any CPU
		{67FE9B13-30FF-4954-8DC4-5CE0B34D3DE4}.Release|Any CPU.ActiveCfg = Release|Any CPU
		{67FE9B13-30FF-4954-8DC4-5CE0B34D3DE4}.Release|Any CPU.Build.0 = Release|Any CPU
		{0D9F35B5-685B-44F0-867A-A3C798E0FC18}.Debug|Any CPU.ActiveCfg = Debug|Any CPU
		{0D9F35B5-685B-44F0-867A-A3C798E0FC18}.Debug|Any CPU.Build.0 = Debug|Any CPU
		{0D9F35B5-685B-44F0-867A-A3C798E0FC18}.Release|Any CPU.ActiveCfg = Release|Any CPU
		{0D9F35B5-685B-44F0-867A-A3C798E0FC18}.Release|Any CPU.Build.0 = Release|Any CPU
		{C0A5ED9F-551B-4B73-BD08-85DA235F8AAF}.Debug|Any CPU.ActiveCfg = Debug|Any CPU
		{C0A5ED9F-551B-4B73-BD08-85DA235F8AAF}.Debug|Any CPU.Build.0 = Debug|Any CPU
		{C0A5ED9F-551B-4B73-BD08-85DA235F8AAF}.Release|Any CPU.ActiveCfg = Release|Any CPU
		{C0A5ED9F-551B-4B73-BD08-85DA235F8AAF}.Release|Any CPU.Build.0 = Release|Any CPU
		{D8407669-D43D-47E9-8A5F-B81DC0606A89}.Debug|Any CPU.ActiveCfg = Debug|Any CPU
		{D8407669-D43D-47E9-8A5F-B81DC0606A89}.Debug|Any CPU.Build.0 = Debug|Any CPU
		{D8407669-D43D-47E9-8A5F-B81DC0606A89}.Release|Any CPU.ActiveCfg = Release|Any CPU
		{D8407669-D43D-47E9-8A5F-B81DC0606A89}.Release|Any CPU.Build.0 = Release|Any CPU
		{7C52A095-065E-40C2-83E6-5013E3077D9B}.Debug|Any CPU.ActiveCfg = Debug|Any CPU
		{7C52A095-065E-40C2-83E6-5013E3077D9B}.Debug|Any CPU.Build.0 = Debug|Any CPU
		{7C52A095-065E-40C2-83E6-5013E3077D9B}.Release|Any CPU.ActiveCfg = Release|Any CPU
		{7C52A095-065E-40C2-83E6-5013E3077D9B}.Release|Any CPU.Build.0 = Release|Any CPU
		{55372312-38CD-4376-8CBF-76FA1800C3DA}.Debug|Any CPU.ActiveCfg = Debug|Any CPU
		{55372312-38CD-4376-8CBF-76FA1800C3DA}.Debug|Any CPU.Build.0 = Debug|Any CPU
		{55372312-38CD-4376-8CBF-76FA1800C3DA}.Release|Any CPU.ActiveCfg = Release|Any CPU
		{55372312-38CD-4376-8CBF-76FA1800C3DA}.Release|Any CPU.Build.0 = Release|Any CPU
		{A3CE5311-796A-429B-92F6-8116C768F987}.Debug|Any CPU.ActiveCfg = Debug|Any CPU
		{A3CE5311-796A-429B-92F6-8116C768F987}.Debug|Any CPU.Build.0 = Debug|Any CPU
		{A3CE5311-796A-429B-92F6-8116C768F987}.Release|Any CPU.ActiveCfg = Release|Any CPU
		{A3CE5311-796A-429B-92F6-8116C768F987}.Release|Any CPU.Build.0 = Release|Any CPU
		{882F4464-2A84-4576-B6EA-1EFFD4FCF4A5}.Debug|Any CPU.ActiveCfg = Debug|Any CPU
		{882F4464-2A84-4576-B6EA-1EFFD4FCF4A5}.Debug|Any CPU.Build.0 = Debug|Any CPU
		{882F4464-2A84-4576-B6EA-1EFFD4FCF4A5}.Release|Any CPU.ActiveCfg = Release|Any CPU
		{882F4464-2A84-4576-B6EA-1EFFD4FCF4A5}.Release|Any CPU.Build.0 = Release|Any CPU
	EndGlobalSection
	GlobalSection(SolutionProperties) = preSolution
		HideSolutionNode = FALSE
	EndGlobalSection
EndGlobal
