
Microsoft Visual Studio Solution File, Format Version 12.00
# Visual Studio 14
VisualStudioVersion = 14.0.25420.1
MinimumVisualStudioVersion = 10.0.40219.1
Project("{FAE04EC0-301F-11D3-BF4B-00C04F79EFBC}") = "CodeAnalyzer.Core", "CodeAnalyzer.Core\CodeAnalyzer.Core.csproj", "{882F4464-2A84-4576-B6EA-1EFFD4FCF4A5}"
EndProject
Project("{FAE04EC0-301F-11D3-BF4B-00C04F79EFBC}") = "RomSoft.Client.Debug", "RomSoft.Client.Debug\RomSoft.Client.Debug.csproj", "{A7DBD009-96A9-4166-8F79-0F8EC581966A}"
EndProject
Project("{FAE04EC0-301F-11D3-BF4B-00C04F79EFBC}") = "CodeAnalyzer.UserInterface", "CodeAnalyzer.UserInterface\CodeAnalyzer.UserInterface.csproj", "{67FE9B13-30FF-4954-8DC4-5CE0B34D3DE4}"
EndProject
Project("{FAE04EC0-301F-11D3-BF4B-00C04F79EFBC}") = "CodeAnalyzer.Workflow", "CodeAnalyzer.Workflow\CodeAnalyzer.Workflow.csproj", "{0D9F35B5-685B-44F0-867A-A3C798E0FC18}"
EndProject
Global
	GlobalSection(SolutionConfigurationPlatforms) = preSolution
		Debug|Any CPU = Debug|Any CPU
		Release|Any CPU = Release|Any CPU
	EndGlobalSection
	GlobalSection(ProjectConfigurationPlatforms) = postSolution
		{882F4464-2A84-4576-B6EA-1EFFD4FCF4A5}.Debug|Any CPU.ActiveCfg = Debug|Any CPU
		{882F4464-2A84-4576-B6EA-1EFFD4FCF4A5}.Debug|Any CPU.Build.0 = Debug|Any CPU
		{882F4464-2A84-4576-B6EA-1EFFD4FCF4A5}.Release|Any CPU.ActiveCfg = Release|Any CPU
		{882F4464-2A84-4576-B6EA-1EFFD4FCF4A5}.Release|Any CPU.Build.0 = Release|Any CPU
		{A7DBD009-96A9-4166-8F79-0F8EC581966A}.Debug|Any CPU.ActiveCfg = Debug|Any CPU
		{A7DBD009-96A9-4166-8F79-0F8EC581966A}.Release|Any CPU.ActiveCfg = Release|Any CPU
		{A7DBD009-96A9-4166-8F79-0F8EC581966A}.Release|Any CPU.Build.0 = Release|Any CPU
		{67FE9B13-30FF-4954-8DC4-5CE0B34D3DE4}.Debug|Any CPU.ActiveCfg = Debug|Any CPU
		{67FE9B13-30FF-4954-8DC4-5CE0B34D3DE4}.Release|Any CPU.ActiveCfg = Release|Any CPU
		{67FE9B13-30FF-4954-8DC4-5CE0B34D3DE4}.Release|Any CPU.Build.0 = Release|Any CPU
		{0D9F35B5-685B-44F0-867A-A3C798E0FC18}.Debug|Any CPU.ActiveCfg = Debug|Any CPU
		{0D9F35B5-685B-44F0-867A-A3C798E0FC18}.Release|Any CPU.ActiveCfg = Release|Any CPU
		{0D9F35B5-685B-44F0-867A-A3C798E0FC18}.Release|Any CPU.Build.0 = Release|Any CPU
	EndGlobalSection
	GlobalSection(SolutionProperties) = preSolution
		HideSolutionNode = FALSE
	EndGlobalSection
EndGlobal
