
Microsoft Visual Studio Solution File, Format Version 12.00
# Visual Studio 14
VisualStudioVersion = 14.0.25420.1
MinimumVisualStudioVersion = 10.0.40219.1
Project("{FAE04EC0-301F-11D3-BF4B-00C04F79EFBC}") = "CodeEvaluator.ProjectVs2015", "CodeEvaluator.ProjectVs2015\CodeEvaluator.ProjectVs2015.csproj", "{A500714C-C17F-4486-9183-A5434B05EAF5}"
EndProject
Global
	GlobalSection(SolutionConfigurationPlatforms) = preSolution
		Debug|Any CPU = Debug|Any CPU
		Release|Any CPU = Release|Any CPU
	EndGlobalSection
	GlobalSection(ProjectConfigurationPlatforms) = postSolution
		{A500714C-C17F-4486-9183-A5434B05EAF5}.Debug|Any CPU.ActiveCfg = Debug|Any CPU
		{A500714C-C17F-4486-9183-A5434B05EAF5}.Debug|Any CPU.Build.0 = Debug|Any CPU
		{A500714C-C17F-4486-9183-A5434B05EAF5}.Release|Any CPU.ActiveCfg = Release|Any CPU
		{A500714C-C17F-4486-9183-A5434B05EAF5}.Release|Any CPU.Build.0 = Release|Any CPU
	EndGlobalSection
	GlobalSection(SolutionProperties) = preSolution
		HideSolutionNode = FALSE
	EndGlobalSection
EndGlobal
