
Microsoft Visual Studio Solution File, Format Version 12.00
# Visual Studio 14
VisualStudioVersion = 14.0.25420.1
MinimumVisualStudioVersion = 10.0.40219.1
Project("{FAE04EC0-301F-11D3-BF4B-00C04F79EFBC}") = "CodeEvaluator.Demos.Demo7", "CodeEvaluator.Demos.Demo7\CodeEvaluator.Demos.Demo7.csproj", "{8BEEBCD7-918A-49DD-A457-86154488913D}"
EndProject
Project("{FAE04EC0-301F-11D3-BF4B-00C04F79EFBC}") = "CodeEvaluator.Workflows", "..\..\CodeEvaluator.Workflows\CodeEvaluator.Workflows.csproj", "{0D9F35B5-685B-44F0-867A-A3C798E0FC18}"
EndProject
Global
	GlobalSection(SolutionConfigurationPlatforms) = preSolution
		Debug|Any CPU = Debug|Any CPU
		Release|Any CPU = Release|Any CPU
	EndGlobalSection
	GlobalSection(ProjectConfigurationPlatforms) = postSolution
		{8BEEBCD7-918A-49DD-A457-86154488913D}.Debug|Any CPU.ActiveCfg = Debug|Any CPU
		{8BEEBCD7-918A-49DD-A457-86154488913D}.Debug|Any CPU.Build.0 = Debug|Any CPU
		{8BEEBCD7-918A-49DD-A457-86154488913D}.Release|Any CPU.ActiveCfg = Release|Any CPU
		{8BEEBCD7-918A-49DD-A457-86154488913D}.Release|Any CPU.Build.0 = Release|Any CPU
		{0D9F35B5-685B-44F0-867A-A3C798E0FC18}.Debug|Any CPU.ActiveCfg = Debug|Any CPU
		{0D9F35B5-685B-44F0-867A-A3C798E0FC18}.Debug|Any CPU.Build.0 = Debug|Any CPU
		{0D9F35B5-685B-44F0-867A-A3C798E0FC18}.Release|Any CPU.ActiveCfg = Release|Any CPU
		{0D9F35B5-685B-44F0-867A-A3C798E0FC18}.Release|Any CPU.Build.0 = Release|Any CPU
	EndGlobalSection
	GlobalSection(SolutionProperties) = preSolution
		HideSolutionNode = FALSE
	EndGlobalSection
EndGlobal
